// !$*UTF8*$!
{
	archiveVersion = 1;
	classes = {
	};
	objectVersion = 56;
	objects = {

/* Begin PBXBuildFile section */
		AA2D99292AF7B07700352CAF /* DataFlowApp.swift in Sources */ = {isa = PBXBuildFile; fileRef = AA2D99282AF7B07700352CAF /* DataFlowApp.swift */; };
		AA2D992B2AF7B07700352CAF /* ContentView.swift in Sources */ = {isa = PBXBuildFile; fileRef = AA2D992A2AF7B07700352CAF /* ContentView.swift */; };
		AA2D992D2AF7B07800352CAF /* Assets.xcassets in Resources */ = {isa = PBXBuildFile; fileRef = AA2D992C2AF7B07800352CAF /* Assets.xcassets */; };
		AA2D99302AF7B07800352CAF /* Preview Assets.xcassets in Resources */ = {isa = PBXBuildFile; fileRef = AA2D992F2AF7B07800352CAF /* Preview Assets.xcassets */; };
		AA2D993A2AF7B07800352CAF /* DataFlowTests.swift in Sources */ = {isa = PBXBuildFile; fileRef = AA2D99392AF7B07800352CAF /* DataFlowTests.swift */; };
		AA2D99442AF7B07800352CAF /* DataFlowUITests.swift in Sources */ = {isa = PBXBuildFile; fileRef = AA2D99432AF7B07800352CAF /* DataFlowUITests.swift */; };
		AA2D99462AF7B07800352CAF /* DataFlowUITestsLaunchTests.swift in Sources */ = {isa = PBXBuildFile; fileRef = AA2D99452AF7B07800352CAF /* DataFlowUITestsLaunchTests.swift */; };
		AA2D99532AF7B09C00352CAF /* Episode.swift in Sources */ = {isa = PBXBuildFile; fileRef = AA2D99522AF7B09C00352CAF /* Episode.swift */; };
		AA2D99552AF7B0A600352CAF /* PlayButton.swift in Sources */ = {isa = PBXBuildFile; fileRef = AA2D99542AF7B0A600352CAF /* PlayButton.swift */; };
		AA2D99572AF7B0C300352CAF /* PlayingStatusView.swift in Sources */ = {isa = PBXBuildFile; fileRef = AA2D99562AF7B0C300352CAF /* PlayingStatusView.swift */; };
		AA2D99592AF7B12200352CAF /* PlayView.swift in Sources */ = {isa = PBXBuildFile; fileRef = AA2D99582AF7B12200352CAF /* PlayView.swift */; };
/* End PBXBuildFile section */

/* Begin PBXContainerItemProxy section */
		AA2D99362AF7B07800352CAF /* PBXContainerItemProxy */ = {
			isa = PBXContainerItemProxy;
			containerPortal = AA2D991D2AF7B07700352CAF /* Project object */;
			proxyType = 1;
			remoteGlobalIDString = AA2D99242AF7B07700352CAF;
			remoteInfo = DataFlow;
		};
		AA2D99402AF7B07800352CAF /* PBXContainerItemProxy */ = {
			isa = PBXContainerItemProxy;
			containerPortal = AA2D991D2AF7B07700352CAF /* Project object */;
			proxyType = 1;
			remoteGlobalIDString = AA2D99242AF7B07700352CAF;
			remoteInfo = DataFlow;
		};
/* End PBXContainerItemProxy section */

/* Begin PBXFileReference section */
		AA2D99252AF7B07700352CAF /* DataFlow.app */ = {isa = PBXFileReference; explicitFileType = wrapper.application; includeInIndex = 0; path = DataFlow.app; sourceTree = BUILT_PRODUCTS_DIR; };
		AA2D99282AF7B07700352CAF /* DataFlowApp.swift */ = {isa = PBXFileReference; lastKnownFileType = sourcecode.swift; path = DataFlowApp.swift; sourceTree = "<group>"; };
		AA2D992A2AF7B07700352CAF /* ContentView.swift */ = {isa = PBXFileReference; lastKnownFileType = sourcecode.swift; path = ContentView.swift; sourceTree = "<group>"; };
		AA2D992C2AF7B07800352CAF /* Assets.xcassets */ = {isa = PBXFileReference; lastKnownFileType = folder.assetcatalog; path = Assets.xcassets; sourceTree = "<group>"; };
		AA2D992F2AF7B07800352CAF /* Preview Assets.xcassets */ = {isa = PBXFileReference; lastKnownFileType = folder.assetcatalog; path = "Preview Assets.xcassets"; sourceTree = "<group>"; };
		AA2D99352AF7B07800352CAF /* DataFlowTests.xctest */ = {isa = PBXFileReference; explicitFileType = wrapper.cfbundle; includeInIndex = 0; path = DataFlowTests.xctest; sourceTree = BUILT_PRODUCTS_DIR; };
		AA2D99392AF7B07800352CAF /* DataFlowTests.swift */ = {isa = PBXFileReference; lastKnownFileType = sourcecode.swift; path = DataFlowTests.swift; sourceTree = "<group>"; };
		AA2D993F2AF7B07800352CAF /* DataFlowUITests.xctest */ = {isa = PBXFileReference; explicitFileType = wrapper.cfbundle; includeInIndex = 0; path = DataFlowUITests.xctest; sourceTree = BUILT_PRODUCTS_DIR; };
		AA2D99432AF7B07800352CAF /* DataFlowUITests.swift */ = {isa = PBXFileReference; lastKnownFileType = sourcecode.swift; path = DataFlowUITests.swift; sourceTree = "<group>"; };
		AA2D99452AF7B07800352CAF /* DataFlowUITestsLaunchTests.swift */ = {isa = PBXFileReference; lastKnownFileType = sourcecode.swift; path = DataFlowUITestsLaunchTests.swift; sourceTree = "<group>"; };
		AA2D99522AF7B09C00352CAF /* Episode.swift */ = {isa = PBXFileReference; lastKnownFileType = sourcecode.swift; path = Episode.swift; sourceTree = "<group>"; };
		AA2D99542AF7B0A600352CAF /* PlayButton.swift */ = {isa = PBXFileReference; lastKnownFileType = sourcecode.swift; path = PlayButton.swift; sourceTree = "<group>"; };
		AA2D99562AF7B0C300352CAF /* PlayingStatusView.swift */ = {isa = PBXFileReference; lastKnownFileType = sourcecode.swift; path = PlayingStatusView.swift; sourceTree = "<group>"; };
		AA2D99582AF7B12200352CAF /* PlayView.swift */ = {isa = PBXFileReference; lastKnownFileType = sourcecode.swift; path = PlayView.swift; sourceTree = "<group>"; };
/* End PBXFileReference section */

/* Begin PBXFrameworksBuildPhase section */
		AA2D99222AF7B07700352CAF /* Frameworks */ = {
			isa = PBXFrameworksBuildPhase;
			buildActionMask = 2147483647;
			files = (
			);
			runOnlyForDeploymentPostprocessing = 0;
		};
		AA2D99322AF7B07800352CAF /* Frameworks */ = {
			isa = PBXFrameworksBuildPhase;
			buildActionMask = 2147483647;
			files = (
			);
			runOnlyForDeploymentPostprocessing = 0;
		};
		AA2D993C2AF7B07800352CAF /* Frameworks */ = {
			isa = PBXFrameworksBuildPhase;
			buildActionMask = 2147483647;
			files = (
			);
			runOnlyForDeploymentPostprocessing = 0;
		};
/* End PBXFrameworksBuildPhase section */

/* Begin PBXGroup section */
		AA2D991C2AF7B07700352CAF = {
			isa = PBXGroup;
			children = (
				AA2D99272AF7B07700352CAF /* DataFlow */,
				AA2D99382AF7B07800352CAF /* DataFlowTests */,
				AA2D99422AF7B07800352CAF /* DataFlowUITests */,
				AA2D99262AF7B07700352CAF /* Products */,
			);
			sourceTree = "<group>";
		};
		AA2D99262AF7B07700352CAF /* Products */ = {
			isa = PBXGroup;
			children = (
				AA2D99252AF7B07700352CAF /* DataFlow.app */,
				AA2D99352AF7B07800352CAF /* DataFlowTests.xctest */,
				AA2D993F2AF7B07800352CAF /* DataFlowUITests.xctest */,
			);
			name = Products;
			sourceTree = "<group>";
		};
		AA2D99272AF7B07700352CAF /* DataFlow */ = {
			isa = PBXGroup;
			children = (
				AA2D99282AF7B07700352CAF /* DataFlowApp.swift */,
				AA2D992A2AF7B07700352CAF /* ContentView.swift */,
				AA2D99542AF7B0A600352CAF /* PlayButton.swift */,
				AA2D99582AF7B12200352CAF /* PlayView.swift */,
				AA2D99522AF7B09C00352CAF /* Episode.swift */,
				AA2D99562AF7B0C300352CAF /* PlayingStatusView.swift */,
				AA2D992C2AF7B07800352CAF /* Assets.xcassets */,
				AA2D992E2AF7B07800352CAF /* Preview Content */,
			);
			path = DataFlow;
			sourceTree = "<group>";
		};
		AA2D992E2AF7B07800352CAF /* Preview Content */ = {
			isa = PBXGroup;
			children = (
				AA2D992F2AF7B07800352CAF /* Preview Assets.xcassets */,
			);
			path = "Preview Content";
			sourceTree = "<group>";
		};
		AA2D99382AF7B07800352CAF /* DataFlowTests */ = {
			isa = PBXGroup;
			children = (
				AA2D99392AF7B07800352CAF /* DataFlowTests.swift */,
			);
			path = DataFlowTests;
			sourceTree = "<group>";
		};
		AA2D99422AF7B07800352CAF /* DataFlowUITests */ = {
			isa = PBXGroup;
			children = (
				AA2D99432AF7B07800352CAF /* DataFlowUITests.swift */,
				AA2D99452AF7B07800352CAF /* DataFlowUITestsLaunchTests.swift */,
			);
			path = DataFlowUITests;
			sourceTree = "<group>";
		};
/* End PBXGroup section */

/* Begin PBXNativeTarget section */
		AA2D99242AF7B07700352CAF /* DataFlow */ = {
			isa = PBXNativeTarget;
			buildConfigurationList = AA2D99492AF7B07800352CAF /* Build configuration list for PBXNativeTarget "DataFlow" */;
			buildPhases = (
				AA2D99212AF7B07700352CAF /* Sources */,
				AA2D99222AF7B07700352CAF /* Frameworks */,
				AA2D99232AF7B07700352CAF /* Resources */,
			);
			buildRules = (
			);
			dependencies = (
			);
			name = DataFlow;
			productName = DataFlow;
			productReference = AA2D99252AF7B07700352CAF /* DataFlow.app */;
			productType = "com.apple.product-type.application";
		};
		AA2D99342AF7B07800352CAF /* DataFlowTests */ = {
			isa = PBXNativeTarget;
			buildConfigurationList = AA2D994C2AF7B07800352CAF /* Build configuration list for PBXNativeTarget "DataFlowTests" */;
			buildPhases = (
				AA2D99312AF7B07800352CAF /* Sources */,
				AA2D99322AF7B07800352CAF /* Frameworks */,
				AA2D99332AF7B07800352CAF /* Resources */,
			);
			buildRules = (
			);
			dependencies = (
				AA2D99372AF7B07800352CAF /* PBXTargetDependency */,
			);
			name = DataFlowTests;
			productName = DataFlowTests;
			productReference = AA2D99352AF7B07800352CAF /* DataFlowTests.xctest */;
			productType = "com.apple.product-type.bundle.unit-test";
		};
		AA2D993E2AF7B07800352CAF /* DataFlowUITests */ = {
			isa = PBXNativeTarget;
			buildConfigurationList = AA2D994F2AF7B07800352CAF /* Build configuration list for PBXNativeTarget "DataFlowUITests" */;
			buildPhases = (
				AA2D993B2AF7B07800352CAF /* Sources */,
				AA2D993C2AF7B07800352CAF /* Frameworks */,
				AA2D993D2AF7B07800352CAF /* Resources */,
			);
			buildRules = (
			);
			dependencies = (
				AA2D99412AF7B07800352CAF /* PBXTargetDependency */,
			);
			name = DataFlowUITests;
			productName = DataFlowUITests;
			productReference = AA2D993F2AF7B07800352CAF /* DataFlowUITests.xctest */;
			productType = "com.apple.product-type.bundle.ui-testing";
		};
/* End PBXNativeTarget section */

/* Begin PBXProject section */
		AA2D991D2AF7B07700352CAF /* Project object */ = {
			isa = PBXProject;
			attributes = {
				BuildIndependentTargetsInParallel = 1;
				LastSwiftUpdateCheck = 1500;
				LastUpgradeCheck = 1500;
				TargetAttributes = {
					AA2D99242AF7B07700352CAF = {
						CreatedOnToolsVersion = 15.0.1;
					};
					AA2D99342AF7B07800352CAF = {
						CreatedOnToolsVersion = 15.0.1;
						TestTargetID = AA2D99242AF7B07700352CAF;
					};
					AA2D993E2AF7B07800352CAF = {
						CreatedOnToolsVersion = 15.0.1;
						TestTargetID = AA2D99242AF7B07700352CAF;
					};
				};
			};
			buildConfigurationList = AA2D99202AF7B07700352CAF /* Build configuration list for PBXProject "DataFlow" */;
			compatibilityVersion = "Xcode 14.0";
			developmentRegion = en;
			hasScannedForEncodings = 0;
			knownRegions = (
				en,
				Base,
			);
			mainGroup = AA2D991C2AF7B07700352CAF;
			productRefGroup = AA2D99262AF7B07700352CAF /* Products */;
			projectDirPath = "";
			projectRoot = "";
			targets = (
				AA2D99242AF7B07700352CAF /* DataFlow */,
				AA2D99342AF7B07800352CAF /* DataFlowTests */,
				AA2D993E2AF7B07800352CAF /* DataFlowUITests */,
			);
		};
/* End PBXProject section */

/* Begin PBXResourcesBuildPhase section */
		AA2D99232AF7B07700352CAF /* Resources */ = {
			isa = PBXResourcesBuildPhase;
			buildActionMask = 2147483647;
			files = (
				AA2D99302AF7B07800352CAF /* Preview Assets.xcassets in Resources */,
				AA2D992D2AF7B07800352CAF /* Assets.xcassets in Resources */,
			);
			runOnlyForDeploymentPostprocessing = 0;
		};
		AA2D99332AF7B07800352CAF /* Resources */ = {
			isa = PBXResourcesBuildPhase;
			buildActionMask = 2147483647;
			files = (
			);
			runOnlyForDeploymentPostprocessing = 0;
		};
		AA2D993D2AF7B07800352CAF /* Resources */ = {
			isa = PBXResourcesBuildPhase;
			buildActionMask = 2147483647;
			files = (
			);
			runOnlyForDeploymentPostprocessing = 0;
		};
/* End PBXResourcesBuildPhase section */

/* Begin PBXSourcesBuildPhase section */
		AA2D99212AF7B07700352CAF /* Sources */ = {
			isa = PBXSourcesBuildPhase;
			buildActionMask = 2147483647;
			files = (
				AA2D99592AF7B12200352CAF /* PlayView.swift in Sources */,
				AA2D992B2AF7B07700352CAF /* ContentView.swift in Sources */,
				AA2D99552AF7B0A600352CAF /* PlayButton.swift in Sources */,
				AA2D99532AF7B09C00352CAF /* Episode.swift in Sources */,
				AA2D99572AF7B0C300352CAF /* PlayingStatusView.swift in Sources */,
				AA2D99292AF7B07700352CAF /* DataFlowApp.swift in Sources */,
			);
			runOnlyForDeploymentPostprocessing = 0;
		};
		AA2D99312AF7B07800352CAF /* Sources */ = {
			isa = PBXSourcesBuildPhase;
			buildActionMask = 2147483647;
			files = (
				AA2D993A2AF7B07800352CAF /* DataFlowTests.swift in Sources */,
			);
			runOnlyForDeploymentPostprocessing = 0;
		};
		AA2D993B2AF7B07800352CAF /* Sources */ = {
			isa = PBXSourcesBuildPhase;
			buildActionMask = 2147483647;
			files = (
				AA2D99462AF7B07800352CAF /* DataFlowUITestsLaunchTests.swift in Sources */,
				AA2D99442AF7B07800352CAF /* DataFlowUITests.swift in Sources */,
			);
			runOnlyForDeploymentPostprocessing = 0;
		};
/* End PBXSourcesBuildPhase section */

/* Begin PBXTargetDependency section */
		AA2D99372AF7B07800352CAF /* PBXTargetDependency */ = {
			isa = PBXTargetDependency;
			target = AA2D99242AF7B07700352CAF /* DataFlow */;
			targetProxy = AA2D99362AF7B07800352CAF /* PBXContainerItemProxy */;
		};
		AA2D99412AF7B07800352CAF /* PBXTargetDependency */ = {
			isa = PBXTargetDependency;
			target = AA2D99242AF7B07700352CAF /* DataFlow */;
			targetProxy = AA2D99402AF7B07800352CAF /* PBXContainerItemProxy */;
		};
/* End PBXTargetDependency section */

/* Begin XCBuildConfiguration section */
		AA2D99472AF7B07800352CAF /* Debug */ = {
			isa = XCBuildConfiguration;
			buildSettings = {
				ALWAYS_SEARCH_USER_PATHS = NO;
				ASSETCATALOG_COMPILER_GENERATE_SWIFT_ASSET_SYMBOL_EXTENSIONS = YES;
				CLANG_ANALYZER_NONNULL = YES;
				CLANG_ANALYZER_NUMBER_OBJECT_CONVERSION = YES_AGGRESSIVE;
				CLANG_CXX_LANGUAGE_STANDARD = "gnu++20";
				CLANG_ENABLE_MODULES = YES;
				CLANG_ENABLE_OBJC_ARC = YES;
				CLANG_ENABLE_OBJC_WEAK = YES;
				CLANG_WARN_BLOCK_CAPTURE_AUTORELEASING = YES;
				CLANG_WARN_BOOL_CONVERSION = YES;
				CLANG_WARN_COMMA = YES;
				CLANG_WARN_CONSTANT_CONVERSION = YES;
				CLANG_WARN_DEPRECATED_OBJC_IMPLEMENTATIONS = YES;
				CLANG_WARN_DIRECT_OBJC_ISA_USAGE = YES_ERROR;
				CLANG_WARN_DOCUMENTATION_COMMENTS = YES;
				CLANG_WARN_EMPTY_BODY = YES;
				CLANG_WARN_ENUM_CONVERSION = YES;
				CLANG_WARN_INFINITE_RECURSION = YES;
				CLANG_WARN_INT_CONVERSION = YES;
				CLANG_WARN_NON_LITERAL_NULL_CONVERSION = YES;
				CLANG_WARN_OBJC_IMPLICIT_RETAIN_SELF = YES;
				CLANG_WARN_OBJC_LITERAL_CONVERSION = YES;
				CLANG_WARN_OBJC_ROOT_CLASS = YES_ERROR;
				CLANG_WARN_QUOTED_INCLUDE_IN_FRAMEWORK_HEADER = YES;
				CLANG_WARN_RANGE_LOOP_ANALYSIS = YES;
				CLANG_WARN_STRICT_PROTOTYPES = YES;
				CLANG_WARN_SUSPICIOUS_MOVE = YES;
				CLANG_WARN_UNGUARDED_AVAILABILITY = YES_AGGRESSIVE;
				CLANG_WARN_UNREACHABLE_CODE = YES;
				CLANG_WARN__DUPLICATE_METHOD_MATCH = YES;
				COPY_PHASE_STRIP = NO;
				DEBUG_INFORMATION_FORMAT = dwarf;
				ENABLE_STRICT_OBJC_MSGSEND = YES;
				ENABLE_TESTABILITY = YES;
				ENABLE_USER_SCRIPT_SANDBOXING = YES;
				GCC_C_LANGUAGE_STANDARD = gnu17;
				GCC_DYNAMIC_NO_PIC = NO;
				GCC_NO_COMMON_BLOCKS = YES;
				GCC_OPTIMIZATION_LEVEL = 0;
				GCC_PREPROCESSOR_DEFINITIONS = (
					"DEBUG=1",
					"$(inherited)",
				);
				GCC_WARN_64_TO_32_BIT_CONVERSION = YES;
				GCC_WARN_ABOUT_RETURN_TYPE = YES_ERROR;
				GCC_WARN_UNDECLARED_SELECTOR = YES;
				GCC_WARN_UNINITIALIZED_AUTOS = YES_AGGRESSIVE;
				GCC_WARN_UNUSED_FUNCTION = YES;
				GCC_WARN_UNUSED_VARIABLE = YES;
				IPHONEOS_DEPLOYMENT_TARGET = 17.0;
				LOCALIZATION_PREFERS_STRING_CATALOGS = YES;
				MTL_ENABLE_DEBUG_INFO = INCLUDE_SOURCE;
				MTL_FAST_MATH = YES;
				ONLY_ACTIVE_ARCH = YES;
				SDKROOT = iphoneos;
				SWIFT_ACTIVE_COMPILATION_CONDITIONS = "DEBUG $(inherited)";
				SWIFT_OPTIMIZATION_LEVEL = "-Onone";
			};
			name = Debug;
		};
		AA2D99482AF7B07800352CAF /* Release */ = {
			isa = XCBuildConfiguration;
			buildSettings = {
				ALWAYS_SEARCH_USER_PATHS = NO;
				ASSETCATALOG_COMPILER_GENERATE_SWIFT_ASSET_SYMBOL_EXTENSIONS = YES;
				CLANG_ANALYZER_NONNULL = YES;
				CLANG_ANALYZER_NUMBER_OBJECT_CONVERSION = YES_AGGRESSIVE;
				CLANG_CXX_LANGUAGE_STANDARD = "gnu++20";
				CLANG_ENABLE_MODULES = YES;
				CLANG_ENABLE_OBJC_ARC = YES;
				CLANG_ENABLE_OBJC_WEAK = YES;
				CLANG_WARN_BLOCK_CAPTURE_AUTORELEASING = YES;
				CLANG_WARN_BOOL_CONVERSION = YES;
				CLANG_WARN_COMMA = YES;
				CLANG_WARN_CONSTANT_CONVERSION = YES;
				CLANG_WARN_DEPRECATED_OBJC_IMPLEMENTATIONS = YES;
				CLANG_WARN_DIRECT_OBJC_ISA_USAGE = YES_ERROR;
				CLANG_WARN_DOCUMENTATION_COMMENTS = YES;
				CLANG_WARN_EMPTY_BODY = YES;
				CLANG_WARN_ENUM_CONVERSION = YES;
				CLANG_WARN_INFINITE_RECURSION = YES;
				CLANG_WARN_INT_CONVERSION = YES;
				CLANG_WARN_NON_LITERAL_NULL_CONVERSION = YES;
				CLANG_WARN_OBJC_IMPLICIT_RETAIN_SELF = YES;
				CLANG_WARN_OBJC_LITERAL_CONVERSION = YES;
				CLANG_WARN_OBJC_ROOT_CLASS = YES_ERROR;
				CLANG_WARN_QUOTED_INCLUDE_IN_FRAMEWORK_HEADER = YES;
				CLANG_WARN_RANGE_LOOP_ANALYSIS = YES;
				CLANG_WARN_STRICT_PROTOTYPES = YES;
				CLANG_WARN_SUSPICIOUS_MOVE = YES;
				CLANG_WARN_UNGUARDED_AVAILABILITY = YES_AGGRESSIVE;
				CLANG_WARN_UNREACHABLE_CODE = YES;
				CLANG_WARN__DUPLICATE_METHOD_MATCH = YES;
				COPY_PHASE_STRIP = NO;
				DEBUG_INFORMATION_FORMAT = "dwarf-with-dsym";
				ENABLE_NS_ASSERTIONS = NO;
				ENABLE_STRICT_OBJC_MSGSEND = YES;
				ENABLE_USER_SCRIPT_SANDBOXING = YES;
				GCC_C_LANGUAGE_STANDARD = gnu17;
				GCC_NO_COMMON_BLOCKS = YES;
				GCC_WARN_64_TO_32_BIT_CONVERSION = YES;
				GCC_WARN_ABOUT_RETURN_TYPE = YES_ERROR;
				GCC_WARN_UNDECLARED_SELECTOR = YES;
				GCC_WARN_UNINITIALIZED_AUTOS = YES_AGGRESSIVE;
				GCC_WARN_UNUSED_FUNCTION = YES;
				GCC_WARN_UNUSED_VARIABLE = YES;
				IPHONEOS_DEPLOYMENT_TARGET = 17.0;
				LOCALIZATION_PREFERS_STRING_CATALOGS = YES;
				MTL_ENABLE_DEBUG_INFO = NO;
				MTL_FAST_MATH = YES;
				SDKROOT = iphoneos;
				SWIFT_COMPILATION_MODE = wholemodule;
				VALIDATE_PRODUCT = YES;
			};
			name = Release;
		};
		AA2D994A2AF7B07800352CAF /* Debug */ = {
			isa = XCBuildConfiguration;
			buildSettings = {
				ASSETCATALOG_COMPILER_APPICON_NAME = AppIcon;
				ASSETCATALOG_COMPILER_GLOBAL_ACCENT_COLOR_NAME = AccentColor;
				CODE_SIGN_STYLE = Automatic;
				CURRENT_PROJECT_VERSION = 1;
				DEVELOPMENT_ASSET_PATHS = "\"DataFlow/Preview Content\"";
				DEVELOPMENT_TEAM = 24489HL9PA;
				ENABLE_PREVIEWS = YES;
				GENERATE_INFOPLIST_FILE = YES;
				INFOPLIST_KEY_UIApplicationSceneManifest_Generation = YES;
				INFOPLIST_KEY_UIApplicationSupportsIndirectInputEvents = YES;
				INFOPLIST_KEY_UILaunchScreen_Generation = YES;
				INFOPLIST_KEY_UISupportedInterfaceOrientations_iPad = "UIInterfaceOrientationPortrait UIInterfaceOrientationPortraitUpsideDown UIInterfaceOrientationLandscapeLeft UIInterfaceOrientationLandscapeRight";
				INFOPLIST_KEY_UISupportedInterfaceOrientations_iPhone = "UIInterfaceOrientationPortrait UIInterfaceOrientationLandscapeLeft UIInterfaceOrientationLandscapeRight";
				LD_RUNPATH_SEARCH_PATHS = (
					"$(inherited)",
					"@executable_path/Frameworks",
				);
				MARKETING_VERSION = 1.0;
				PRODUCT_BUNDLE_IDENTIFIER = com.sojin.DataFlow;
				PRODUCT_NAME = "$(TARGET_NAME)";
				SWIFT_EMIT_LOC_STRINGS = YES;
				SWIFT_VERSION = 5.0;
				TARGETED_DEVICE_FAMILY = "1,2";
			};
			name = Debug;
		};
		AA2D994B2AF7B07800352CAF /* Release */ = {
			isa = XCBuildConfiguration;
			buildSettings = {
				ASSETCATALOG_COMPILER_APPICON_NAME = AppIcon;
				ASSETCATALOG_COMPILER_GLOBAL_ACCENT_COLOR_NAME = AccentColor;
				CODE_SIGN_STYLE = Automatic;
				CURRENT_PROJECT_VERSION = 1;
				DEVELOPMENT_ASSET_PATHS = "\"DataFlow/Preview Content\"";
				DEVELOPMENT_TEAM = 24489HL9PA;
				ENABLE_PREVIEWS = YES;
				GENERATE_INFOPLIST_FILE = YES;
				INFOPLIST_KEY_UIApplicationSceneManifest_Generation = YES;
				INFOPLIST_KEY_UIApplicationSupportsIndirectInputEvents = YES;
				INFOPLIST_KEY_UILaunchScreen_Generation = YES;
				INFOPLIST_KEY_UISupportedInterfaceOrientations_iPad = "UIInterfaceOrientationPortrait UIInterfaceOrientationPortraitUpsideDown UIInterfaceOrientationLandscapeLeft UIInterfaceOrientationLandscapeRight";
				INFOPLIST_KEY_UISupportedInterfaceOrientations_iPhone = "UIInterfaceOrientationPortrait UIInterfaceOrientationLandscapeLeft UIInterfaceOrientationLandscapeRight";
				LD_RUNPATH_SEARCH_PATHS = (
					"$(inherited)",
					"@executable_path/Frameworks",
				);
				MARKETING_VERSION = 1.0;
				PRODUCT_BUNDLE_IDENTIFIER = com.sojin.DataFlow;
				PRODUCT_NAME = "$(TARGET_NAME)";
				SWIFT_EMIT_LOC_STRINGS = YES;
				SWIFT_VERSION = 5.0;
				TARGETED_DEVICE_FAMILY = "1,2";
			};
			name = Release;
		};
		AA2D994D2AF7B07800352CAF /* Debug */ = {
			isa = XCBuildConfiguration;
			buildSettings = {
				ALWAYS_EMBED_SWIFT_STANDARD_LIBRARIES = YES;
				BUNDLE_LOADER = "$(TEST_HOST)";
				CODE_SIGN_STYLE = Automatic;
				CURRENT_PROJECT_VERSION = 1;
				DEVELOPMENT_TEAM = 24489HL9PA;
				GENERATE_INFOPLIST_FILE = YES;
				IPHONEOS_DEPLOYMENT_TARGET = 17.0;
				MARKETING_VERSION = 1.0;
				PRODUCT_BUNDLE_IDENTIFIER = com.sojin.DataFlowTests;
				PRODUCT_NAME = "$(TARGET_NAME)";
				SWIFT_EMIT_LOC_STRINGS = NO;
				SWIFT_VERSION = 5.0;
				TARGETED_DEVICE_FAMILY = "1,2";
				TEST_HOST = "$(BUILT_PRODUCTS_DIR)/DataFlow.app/$(BUNDLE_EXECUTABLE_FOLDER_PATH)/DataFlow";
			};
			name = Debug;
		};
		AA2D994E2AF7B07800352CAF /* Release */ = {
			isa = XCBuildConfiguration;
			buildSettings = {
				ALWAYS_EMBED_SWIFT_STANDARD_LIBRARIES = YES;
				BUNDLE_LOADER = "$(TEST_HOST)";
				CODE_SIGN_STYLE = Automatic;
				CURRENT_PROJECT_VERSION = 1;
				DEVELOPMENT_TEAM = 24489HL9PA;
				GENERATE_INFOPLIST_FILE = YES;
				IPHONEOS_DEPLOYMENT_TARGET = 17.0;
				MARKETING_VERSION = 1.0;
				PRODUCT_BUNDLE_IDENTIFIER = com.sojin.DataFlowTests;
				PRODUCT_NAME = "$(TARGET_NAME)";
				SWIFT_EMIT_LOC_STRINGS = NO;
				SWIFT_VERSION = 5.0;
				TARGETED_DEVICE_FAMILY = "1,2";
				TEST_HOST = "$(BUILT_PRODUCTS_DIR)/DataFlow.app/$(BUNDLE_EXECUTABLE_FOLDER_PATH)/DataFlow";
			};
			name = Release;
		};
		AA2D99502AF7B07800352CAF /* Debug */ = {
			isa = XCBuildConfiguration;
			buildSettings = {
				ALWAYS_EMBED_SWIFT_STANDARD_LIBRARIES = YES;
				CODE_SIGN_STYLE = Automatic;
				CURRENT_PROJECT_VERSION = 1;
				DEVELOPMENT_TEAM = 24489HL9PA;
				GENERATE_INFOPLIST_FILE = YES;
				MARKETING_VERSION = 1.0;
				PRODUCT_BUNDLE_IDENTIFIER = com.sojin.DataFlowUITests;
				PRODUCT_NAME = "$(TARGET_NAME)";
				SWIFT_EMIT_LOC_STRINGS = NO;
				SWIFT_VERSION = 5.0;
				TARGETED_DEVICE_FAMILY = "1,2";
				TEST_TARGET_NAME = DataFlow;
			};
			name = Debug;
		};
		AA2D99512AF7B07800352CAF /* Release */ = {
			isa = XCBuildConfiguration;
			buildSettings = {
				ALWAYS_EMBED_SWIFT_STANDARD_LIBRARIES = YES;
				CODE_SIGN_STYLE = Automatic;
				CURRENT_PROJECT_VERSION = 1;
				DEVELOPMENT_TEAM = 24489HL9PA;
				GENERATE_INFOPLIST_FILE = YES;
				MARKETING_VERSION = 1.0;
				PRODUCT_BUNDLE_IDENTIFIER = com.sojin.DataFlowUITests;
				PRODUCT_NAME = "$(TARGET_NAME)";
				SWIFT_EMIT_LOC_STRINGS = NO;
				SWIFT_VERSION = 5.0;
				TARGETED_DEVICE_FAMILY = "1,2";
				TEST_TARGET_NAME = DataFlow;
			};
			name = Release;
		};
/* End XCBuildConfiguration section */

/* Begin XCConfigurationList section */
		AA2D99202AF7B07700352CAF /* Build configuration list for PBXProject "DataFlow" */ = {
			isa = XCConfigurationList;
			buildConfigurations = (
				AA2D99472AF7B07800352CAF /* Debug */,
				AA2D99482AF7B07800352CAF /* Release */,
			);
			defaultConfigurationIsVisible = 0;
			defaultConfigurationName = Release;
		};
		AA2D99492AF7B07800352CAF /* Build configuration list for PBXNativeTarget "DataFlow" */ = {
			isa = XCConfigurationList;
			buildConfigurations = (
				AA2D994A2AF7B07800352CAF /* Debug */,
				AA2D994B2AF7B07800352CAF /* Release */,
			);
			defaultConfigurationIsVisible = 0;
			defaultConfigurationName = Release;
		};
		AA2D994C2AF7B07800352CAF /* Build configuration list for PBXNativeTarget "DataFlowTests" */ = {
			isa = XCConfigurationList;
			buildConfigurations = (
				AA2D994D2AF7B07800352CAF /* Debug */,
				AA2D994E2AF7B07800352CAF /* Release */,
			);
			defaultConfigurationIsVisible = 0;
			defaultConfigurationName = Release;
		};
		AA2D994F2AF7B07800352CAF /* Build configuration list for PBXNativeTarget "DataFlowUITests" */ = {
			isa = XCConfigurationList;
			buildConfigurations = (
				AA2D99502AF7B07800352CAF /* Debug */,
				AA2D99512AF7B07800352CAF /* Release */,
			);
			defaultConfigurationIsVisible = 0;
			defaultConfigurationName = Release;
		};
/* End XCConfigurationList section */
	};
	rootObject = AA2D991D2AF7B07700352CAF /* Project object */;
}
